// !$*UTF8*$!
{
	archiveVersion = 1;
	classes = {
	};
	objectVersion = 46;
	objects = {

/* Begin PBXBuildFile section */
		89B2834B1C05398D0085721C /* RNQRCodeView.h in CopyFiles */ = {isa = PBXBuildFile; fileRef = 89B2834A1C05398D0085721C /* RNQRCodeView.h */; };
		89B2834D1C05398D0085721C /* RNQRCodeView.m in Sources */ = {isa = PBXBuildFile; fileRef = 89B2834C1C05398D0085721C /* RNQRCodeView.m */; };
/* End PBXBuildFile section */

/* Begin PBXCopyFilesBuildPhase section */
		89B283451C05398D0085721C /* CopyFiles */ = {
			isa = PBXCopyFilesBuildPhase;
			buildActionMask = 2147483647;
			dstPath = "include/$(PRODUCT_NAME)";
			dstSubfolderSpec = 16;
			files = (
				89B2834B1C05398D0085721C /* RNQRCodeView.h in CopyFiles */,
			);
			runOnlyForDeploymentPostprocessing = 0;
		};
/* End PBXCopyFilesBuildPhase section */

/* Begin PBXFileReference section */
		89B283471C05398D0085721C /* libRNQRCodeView.a */ = {isa = PBXFileReference; explicitFileType = archive.ar; includeInIndex = 0; path = libRNQRCodeView.a; sourceTree = BUILT_PRODUCTS_DIR; };
		89B2834A1C05398D0085721C /* RNQRCodeView.h */ = {isa = PBXFileReference; lastKnownFileType = sourcecode.c.h; path = RNQRCodeView.h; sourceTree = "<group>"; };
		89B2834C1C05398D0085721C /* RNQRCodeView.m */ = {isa = PBXFileReference; lastKnownFileType = sourcecode.c.objc; path = RNQRCodeView.m; sourceTree = "<group>"; };
/* End PBXFileReference section */

/* Begin PBXFrameworksBuildPhase section */
		89B283441C05398D0085721C /* Frameworks */ = {
			isa = PBXFrameworksBuildPhase;
			buildActionMask = 2147483647;
			files = (
			);
			runOnlyForDeploymentPostprocessing = 0;
		};
/* End PBXFrameworksBuildPhase section */

/* Begin PBXGroup section */
		89B2833E1C05398D0085721C = {
			isa = PBXGroup;
			children = (
				89B283491C05398D0085721C /* RNQRCodeView */,
				89B283481C05398D0085721C /* Products */,
			);
			sourceTree = "<group>";
		};
		89B283481C05398D0085721C /* Products */ = {
			isa = PBXGroup;
			children = (
				89B283471C05398D0085721C /* libRNQRCodeView.a */,
			);
			name = Products;
			sourceTree = "<group>";
		};
		89B283491C05398D0085721C /* RNQRCodeView */ = {
			isa = PBXGroup;
			children = (
				89B2834A1C05398D0085721C /* RNQRCodeView.h */,
				89B2834C1C05398D0085721C /* RNQRCodeView.m */,
			);
			path = RNQRCodeView;
			sourceTree = "<group>";
		};
/* End PBXGroup section */

/* Begin PBXNativeTarget section */
		89B283461C05398D0085721C /* RNQRCodeView */ = {
			isa = PBXNativeTarget;
			buildConfigurationList = 89B283501C05398D0085721C /* Build configuration list for PBXNativeTarget "RNQRCodeView" */;
			buildPhases = (
				89B283431C05398D0085721C /* Sources */,
				89B283441C05398D0085721C /* Frameworks */,
				89B283451C05398D0085721C /* CopyFiles */,
			);
			buildRules = (
			);
			dependencies = (
			);
			name = RNQRCodeView;
			productName = RNQRCodeView;
			productReference = 89B283471C05398D0085721C /* libRNQRCodeView.a */;
			productType = "com.apple.product-type.library.static";
		};
/* End PBXNativeTarget section */

/* Begin PBXProject section */
		89B2833F1C05398D0085721C /* Project object */ = {
			isa = PBXProject;
			attributes = {
				LastUpgradeCheck = 0700;
				ORGANIZATIONNAME = "Elevated Pixels";
				TargetAttributes = {
					89B283461C05398D0085721C = {
						CreatedOnToolsVersion = 7.0.1;
					};
				};
			};
			buildConfigurationList = 89B283421C05398D0085721C /* Build configuration list for PBXProject "RNQRCodeView" */;
			compatibilityVersion = "Xcode 3.2";
			developmentRegion = English;
			hasScannedForEncodings = 0;
			knownRegions = (
				en,
			);
			mainGroup = 89B2833E1C05398D0085721C;
			productRefGroup = 89B283481C05398D0085721C /* Products */;
			projectDirPath = "";
			projectRoot = "";
			targets = (
				89B283461C05398D0085721C /* RNQRCodeView */,
			);
		};
/* End PBXProject section */

/* Begin PBXSourcesBuildPhase section */
		89B283431C05398D0085721C /* Sources */ = {
			isa = PBXSourcesBuildPhase;
			buildActionMask = 2147483647;
			files = (
				89B2834D1C05398D0085721C /* RNQRCodeView.m in Sources */,
			);
			runOnlyForDeploymentPostprocessing = 0;
		};
/* End PBXSourcesBuildPhase section */

/* Begin XCBuildConfiguration section */
		89B2834E1C05398D0085721C /* Debug */ = {
			isa = XCBuildConfiguration;
			buildSettings = {
				ALWAYS_SEARCH_USER_PATHS = NO;
				CLANG_CXX_LANGUAGE_STANDARD = "gnu++0x";
				CLANG_CXX_LIBRARY = "libc++";
				CLANG_ENABLE_MODULES = YES;
				CLANG_ENABLE_OBJC_ARC = YES;
				CLANG_WARN_BOOL_CONVERSION = YES;
				CLANG_WARN_CONSTANT_CONVERSION = YES;
				CLANG_WARN_DIRECT_OBJC_ISA_USAGE = YES_ERROR;
				CLANG_WARN_EMPTY_BODY = YES;
				CLANG_WARN_ENUM_CONVERSION = YES;
				CLANG_WARN_INT_CONVERSION = YES;
				CLANG_WARN_OBJC_ROOT_CLASS = YES_ERROR;
				CLANG_WARN_UNREACHABLE_CODE = YES;
				CLANG_WARN__DUPLICATE_METHOD_MATCH = YES;
				COPY_PHASE_STRIP = NO;
				DEBUG_INFORMATION_FORMAT = dwarf;
				ENABLE_STRICT_OBJC_MSGSEND = YES;
				ENABLE_TESTABILITY = YES;
				GCC_C_LANGUAGE_STANDARD = gnu99;
				GCC_DYNAMIC_NO_PIC = NO;
				GCC_NO_COMMON_BLOCKS = YES;
				GCC_OPTIMIZATION_LEVEL = 0;
				GCC_PREPROCESSOR_DEFINITIONS = (
					"DEBUG=1",
					"$(inherited)",
				);
				GCC_WARN_64_TO_32_BIT_CONVERSION = YES;
				GCC_WARN_ABOUT_RETURN_TYPE = YES_ERROR;
				GCC_WARN_UNDECLARED_SELECTOR = YES;
				GCC_WARN_UNINITIALIZED_AUTOS = YES_AGGRESSIVE;
				GCC_WARN_UNUSED_FUNCTION = YES;
				GCC_WARN_UNUSED_VARIABLE = YES;
				IPHONEOS_DEPLOYMENT_TARGET = 9.0;
				MTL_ENABLE_DEBUG_INFO = YES;
				ONLY_ACTIVE_ARCH = YES;
				SDKROOT = iphoneos;
			};
			name = Debug;
		};
		89B2834F1C05398D0085721C /* Release */ = {
			isa = XCBuildConfiguration;
			buildSettings = {
				ALWAYS_SEARCH_USER_PATHS = NO;
				CLANG_CXX_LANGUAGE_STANDARD = "gnu++0x";
				CLANG_CXX_LIBRARY = "libc++";
				CLANG_ENABLE_MODULES = YES;
				CLANG_ENABLE_OBJC_ARC = YES;
				CLANG_WARN_BOOL_CONVERSION = YES;
				CLANG_WARN_CONSTANT_CONVERSION = YES;
				CLANG_WARN_DIRECT_OBJC_ISA_USAGE = YES_ERROR;
				CLANG_WARN_EMPTY_BODY = YES;
				CLANG_WARN_ENUM_CONVERSION = YES;
				CLANG_WARN_INT_CONVERSION = YES;
				CLANG_WARN_OBJC_ROOT_CLASS = YES_ERROR;
				CLANG_WARN_UNREACHABLE_CODE = YES;
				CLANG_WARN__DUPLICATE_METHOD_MATCH = YES;
				COPY_PHASE_STRIP = NO;
				DEBUG_INFORMATION_FORMAT = "dwarf-with-dsym";
				ENABLE_NS_ASSERTIONS = NO;
				ENABLE_STRICT_OBJC_MSGSEND = YES;
				GCC_C_LANGUAGE_STANDARD = gnu99;
				GCC_NO_COMMON_BLOCKS = YES;
				GCC_WARN_64_TO_32_BIT_CONVERSION = YES;
				GCC_WARN_ABOUT_RETURN_TYPE = YES_ERROR;
				GCC_WARN_UNDECLARED_SELECTOR = YES;
				GCC_WARN_UNINITIALIZED_AUTOS = YES_AGGRESSIVE;
				GCC_WARN_UNUSED_FUNCTION = YES;
				GCC_WARN_UNUSED_VARIABLE = YES;
				IPHONEOS_DEPLOYMENT_TARGET = 9.0;
				MTL_ENABLE_DEBUG_INFO = NO;
				SDKROOT = iphoneos;
				VALIDATE_PRODUCT = YES;
			};
			name = Release;
		};
		89B283511C05398D0085721C /* Debug */ = {
			isa = XCBuildConfiguration;
			buildSettings = {
				OTHER_LDFLAGS = "-ObjC";
				PRODUCT_NAME = "$(TARGET_NAME)";
				SKIP_INSTALL = YES;
			};
			name = Debug;
		};
		89B283521C05398D0085721C /* Release */ = {
			isa = XCBuildConfiguration;
			buildSettings = {
				OTHER_LDFLAGS = "-ObjC";
				PRODUCT_NAME = "$(TARGET_NAME)";
				SKIP_INSTALL = YES;
			};
			name = Release;
		};
/* End XCBuildConfiguration section */

/* Begin XCConfigurationList section */
		89B283421C05398D0085721C /* Build configuration list for PBXProject "RNQRCodeView" */ = {
			isa = XCConfigurationList;
			buildConfigurations = (
				89B2834E1C05398D0085721C /* Debug */,
				89B2834F1C05398D0085721C /* Release */,
			);
			defaultConfigurationIsVisible = 0;
			defaultConfigurationName = Release;
		};
		89B283501C05398D0085721C /* Build configuration list for PBXNativeTarget "RNQRCodeView" */ = {
			isa = XCConfigurationList;
			buildConfigurations = (
				89B283511C05398D0085721C /* Debug */,
				89B283521C05398D0085721C /* Release */,
			);
			defaultConfigurationIsVisible = 0;
		};
/* End XCConfigurationList section */
	};
	rootObject = 89B2833F1C05398D0085721C /* Project object */;
}
